Microsoft Visual Studio Solution File, Format Version 12.00
# 17
VisualStudioVersion = 17.11.35118.90
MinimumVisualStudioVersion = 10.0.40219.1
Project("{FAE04EC0-301F-11D3-BF4B-00C04F79EFBC}") = "Dawson.Trip.Api", "Dawson.Trip.Api.csproj", "{BB9BC80A-CB33-4863-BA06-20AA2F373571}"
EndProject
Global
	GlobalSection(SolutionConfigurationPlatforms) = preSolution
		Debug|Any CPU = Debug|Any CPU
		Release|Any CPU = Release|Any CPU
	EndGlobalSection
	GlobalSection(ProjectConfigurationPlatforms) = postSolution
		{BB9BC80A-CB33-4863-BA06-20AA2F373571}.Debug|Any CPU.ActiveCfg = Debug|Any CPU
		{BB9BC80A-CB33-4863-BA06-20AA2F373571}.Debug|Any CPU.Build.0 = Debug|Any CPU
		{BB9BC80A-CB33-4863-BA06-20AA2F373571}.Release|Any CPU.ActiveCfg = Release|Any CPU
		{BB9BC80A-CB33-4863-BA06-20AA2F373571}.Release|Any CPU.Build.0 = Release|Any CPU
	EndGlobalSection
	GlobalSection(SolutionProperties) = preSolution
		HideSolutionNode = FALSE
	EndGlobalSection
	GlobalSection(ExtensibilityGlobals) = postSolution
		SolutionGuid = {94D0E5B7-4EE2-48FC-8D2D-E2D75ECB9E2B}
	EndGlobalSection
EndGlobal
